
Microsoft Visual Studio Solution File, Format Version 12.00
# Visual Studio Version 16
VisualStudioVersion = 16.0.31624.102
MinimumVisualStudioVersion = 10.0.40219.1
Project("{FAE04EC0-301F-11D3-BF4B-00C04F79EFBC}") = "OOP2Project", "OOP2Project.csproj", "{A4997B84-B8D5-4980-A975-5636035D8C2B}"
EndProject
Global
	GlobalSection(SolutionConfigurationPlatforms) = preSolution
		Debug|Any CPU = Debug|Any CPU
		Release|Any CPU = Release|Any CPU
	EndGlobalSection
	GlobalSection(ProjectConfigurationPlatforms) = postSolution
		{A4997B84-B8D5-4980-A975-5636035D8C2B}.Debug|Any CPU.ActiveCfg = Debug|Any CPU
		{A4997B84-B8D5-4980-A975-5636035D8C2B}.Debug|Any CPU.Build.0 = Debug|Any CPU
		{A4997B84-B8D5-4980-A975-5636035D8C2B}.Release|Any CPU.ActiveCfg = Release|Any CPU
		{A4997B84-B8D5-4980-A975-5636035D8C2B}.Release|Any CPU.Build.0 = Release|Any CPU
	EndGlobalSection
	GlobalSection(SolutionProperties) = preSolution
		HideSolutionNode = FALSE
	EndGlobalSection
	GlobalSection(ExtensibilityGlobals) = postSolution
		SolutionGuid = {E875ABC6-556F-47F0-A484-60B7097390FA}
	EndGlobalSection
EndGlobal
